<?xml version="1.0" encoding="utf-8"?>
<Project ToolsVersion="4.0" xmlns="http://schemas.microsoft.com/developer/msbuild/2003">
  <ItemGroup>
    <Filter Include="Source Files">
      <UniqueIdentifier>{4FC737F1-C7A5-4376-A066-2A32D752A2FF}</UniqueIdentifier>
      <Extensions>cpp;c;cc;cxx;c++;cppm;ixx;def;odl;idl;hpj;bat;asm;asmx</Extensions>
    </Filter>
    <Filter Include="Header Files">
      <UniqueIdentifier>{93995380-89BD-4b04-88EB-625FBE52EBFB}</UniqueIdentifier>
      <Extensions>h;hh;hpp;hxx;h++;hm;inl;inc;ipp;xsd</Extensions>
    </Filter>
    <Filter Include="Resource Files">
      <UniqueIdentifier>{67DA6AB6-F800-4c08-8B7A-83BB121AAD01}</UniqueIdentifier>
      <Extensions>rc;ico;cur;bmp;dlg;rc2;rct;bin;rgs;gif;jpg;jpeg;jpe;resx;tiff;tif;png;wav;mfcribbon-ms</Extensions>
    </Filter>
  </ItemGroup>
  <ItemGroup>
    <ClCompile Include="utilities.cpp">
      <Filter>Source Files</Filter>
    </ClCompile>
    <ClCompile Include="Players\Player.cpp">
      <Filter>Source Files</Filter>
    </ClCompile>
    <ClCompile Include="Cards\Card.cpp">
      <Filter>Source Files</Filter>
    </ClCompile>
    <ClCompile Include="Players\Ninja.cpp">
      <Filter>Source Files</Filter>
    </ClCompile>
    <ClCompile Include="Players\Healer.cpp">
      <Filter>Source Files</Filter>
    </ClCompile>
    <ClCompile Include="Players\Warrior.cpp">
      <Filter>Source Files</Filter>
    </ClCompile>
    <ClCompile Include="Cards\Merchant.cpp">
      <Filter>Source Files</Filter>
    </ClCompile>
    <ClCompile Include="Cards\Treasure.cpp">
      <Filter>Source Files</Filter>
    </ClCompile>
    <ClCompile Include="Cards\Well.cpp">
      <Filter>Source Files</Filter>
    </ClCompile>
    <ClCompile Include="Cards\Barfight.cpp">
      <Filter>Source Files</Filter>
    </ClCompile>
    <ClCompile Include="Cards\Mana.cpp">
      <Filter>Source Files</Filter>
    </ClCompile>
    <ClCompile Include="Players\HealthPoints.cpp">
      <Filter>Source Files</Filter>
    </ClCompile>
    <ClCompile Include="Cards\BattleCards\BattleCard.cpp">
      <Filter>Source Files</Filter>
    </ClCompile>
    <ClCompile Include="Cards\BattleCards\Dragon.cpp">
      <Filter>Source Files</Filter>
    </ClCompile>
    <ClCompile Include="Cards\BattleCards\Witch.cpp">
      <Filter>Source Files</Filter>
    </ClCompile>
    <ClCompile Include="Cards\BattleCards\Gremlin.cpp">
      <Filter>Source Files</Filter>
    </ClCompile>
    <ClCompile Include="Mtmchkin.cpp">
      <Filter>Source Files</Filter>
    </ClCompile>
  </ItemGroup>
  <ItemGroup>
    <ClInclude Include="utilities.h">
      <Filter>Header Files</Filter>
    </ClInclude>
    <ClInclude Include="Players\Player.h">
      <Filter>Header Files</Filter>
    </ClInclude>
    <ClInclude Include="Exception.h">
      <Filter>Header Files</Filter>
    </ClInclude>
    <ClInclude Include="Cards\Card.h">
      <Filter>Header Files</Filter>
    </ClInclude>
    <ClInclude Include="Players\Ninja.h">
      <Filter>Header Files</Filter>
    </ClInclude>
    <ClInclude Include="Players\Healer.h">
      <Filter>Header Files</Filter>
    </ClInclude>
    <ClInclude Include="Players\Warrior.h">
      <Filter>Header Files</Filter>
    </ClInclude>
    <ClInclude Include="Cards\Merchant.h">
      <Filter>Header Files</Filter>
    </ClInclude>
    <ClInclude Include="Cards\Well.h">
      <Filter>Header Files</Filter>
    </ClInclude>
    <ClInclude Include="Cards\Treasure.h">
      <Filter>Header Files</Filter>
    </ClInclude>
    <ClInclude Include="Cards\Barfight.h">
      <Filter>Header Files</Filter>
    </ClInclude>
    <ClInclude Include="Cards\Mana.h">
      <Filter>Header Files</Filter>
    </ClInclude>
    <ClInclude Include="Players\HealthPoints.h">
      <Filter>Header Files</Filter>
    </ClInclude>
    <ClInclude Include="Cards\BattleCards\BattleCard.h">
      <Filter>Header Files</Filter>
    </ClInclude>
    <ClInclude Include="Cards\BattleCards\Dragon.h">
      <Filter>Header Files</Filter>
    </ClInclude>
    <ClInclude Include="Cards\BattleCards\Witch.h">
      <Filter>Header Files</Filter>
    </ClInclude>
    <ClInclude Include="Cards\BattleCards\Gremlin.h">
      <Filter>Header Files</Filter>
    </ClInclude>
    <ClInclude Include="Mtmchkin.h">
      <Filter>Header Files</Filter>
    </ClInclude>
  </ItemGroup>
</Project>